Microsoft Visual Studio Solution File, Format Version 12.00
# Visual Studio 15
VisualStudioVersion = 15.0.26430.12
MinimumVisualStudioVersion = 10.0.40219.1
Project("{2150E333-8FDC-42A3-9474-1A3956D46DE8}") = "FoWoSoft.Cache", "FoWoSoft.Cache", "{D5B97FF8-FD3D-4CFB-A174-22FD9C9A7865}"
EndProject
Project("{2150E333-8FDC-42A3-9474-1A3956D46DE8}") = "FoWoSoft.Data", "FoWoSoft.Data", "{2DD6FA0F-B635-469A-94A1-09A0D38A9FFB}"
EndProject
Project("{2150E333-8FDC-42A3-9474-1A3956D46DE8}") = "FoWoSoft.Web", "FoWoSoft.Web", "{AE6C0E7E-9F25-4B9B-B11C-D4A0F92DFB23}"
EndProject
Project("{2150E333-8FDC-42A3-9474-1A3956D46DE8}") = "FoWoSoft.Utility", "FoWoSoft.Utility", "{BE001BA4-6BD4-4B23-AED6-DDDA2A1B3B55}"
EndProject
Project("{FAE04EC0-301F-11D3-BF4B-00C04F79EFBC}") = "LitJSON", "LitJSON\LitJSON.csproj", "{28D9F7BA-2923-4364-9BEA-9E1CCD70DD22}"
EndProject
Project("{FAE04EC0-301F-11D3-BF4B-00C04F79EFBC}") = "WebForm", "WebForm\WebForm.csproj", "{B6034628-4321-44A0-9A9D-D40844C25FDE}"
EndProject
Project("{FAE04EC0-301F-11D3-BF4B-00C04F79EFBC}") = "FoWoOATest", "FoWoOATest\FoWoOATest.csproj", "{9D26489E-9452-489C-92AD-986C6794B479}"
EndProject
Project("{FAE04EC0-301F-11D3-BF4B-00C04F79EFBC}") = "FoWoSoft.Cache.Factory", "FoWoSoft.Cache.Factory\FoWoSoft.Cache.Factory.csproj", "{972136CC-2945-44C6-9B77-F5A46E96ED91}"
EndProject
Project("{FAE04EC0-301F-11D3-BF4B-00C04F79EFBC}") = "FoWoSoft.Cache.InProc", "FoWoSoft.Cache.InProc\FoWoSoft.Cache.InProc.csproj", "{C89FE72B-E16E-417F-AFB7-385D35072EC5}"
EndProject
Project("{2150E333-8FDC-42A3-9474-1A3956D46DE8}") = "Solution Items", "Solution Items", "{A8B27F94-DF12-42C4-8D1D-207E995AE35D}"
	ProjectSection(SolutionItems) = preProject
		FoWoSoft.Cache.Interface\FoWoSoft.Cache.Interface.csproj = FoWoSoft.Cache.Interface\FoWoSoft.Cache.Interface.csproj
	EndProjectSection
EndProject
Project("{FAE04EC0-301F-11D3-BF4B-00C04F79EFBC}") = "FoWoSoft.Cache.IO", "FoWoSoft.Cache.IO\FoWoSoft.Cache.IO.csproj", "{D9D1AFC6-47D3-41C6-BC29-1E91B8D1D779}"
EndProject
Project("{FAE04EC0-301F-11D3-BF4B-00C04F79EFBC}") = "FoWoSoft.Data.Factory", "FoWoSoft.Data.Factory\FoWoSoft.Data.Factory.csproj", "{335D369A-0FF4-4A01-BDA3-31F14D7763F7}"
EndProject
Project("{FAE04EC0-301F-11D3-BF4B-00C04F79EFBC}") = "FoWoSoft.Data.Interface", "FoWoSoft.Data.Interface\FoWoSoft.Data.Interface.csproj", "{F57F8BDE-0702-4642-B7AE-60DAD5CC9EB8}"
EndProject
Project("{FAE04EC0-301F-11D3-BF4B-00C04F79EFBC}") = "FoWoSoft.Data.Model", "FoWoSoft.Data.Model\FoWoSoft.Data.Model.csproj", "{F9DF5064-FDAF-4CC7-99BB-C7520B2849F7}"
EndProject
Project("{FAE04EC0-301F-11D3-BF4B-00C04F79EFBC}") = "FoWoSoft.Data.MSSQL", "FoWoSoft.Data.MSSQL\FoWoSoft.Data.MSSQL.csproj", "{84169909-4A5F-4B1D-A00A-E9BC837C8D79}"
EndProject
Project("{FAE04EC0-301F-11D3-BF4B-00C04F79EFBC}") = "FoWoSoft.Platform", "FoWoSoft.Platform\FoWoSoft.Platform.csproj", "{4853EEE1-204A-4501-A2A6-7D14CA7DCD0E}"
EndProject
Project("{FAE04EC0-301F-11D3-BF4B-00C04F79EFBC}") = "FoWoSoft.Cache.Interface", "FoWoSoft.Cache.Interface\FoWoSoft.Cache.Interface.csproj", "{C3F609A8-6A7B-4BFF-9E21-02B785AD4F20}"
EndProject
Project("{FAE04EC0-301F-11D3-BF4B-00C04F79EFBC}") = "FoWoSoft.Utility", "FoWoSoft.Utility\FoWoSoft.Utility.csproj", "{CE3B0ADB-736E-4A7B-BEDE-801C9104F95E}"
EndProject
Project("{FAE04EC0-301F-11D3-BF4B-00C04F79EFBC}") = "ConsoleFoWo", "ConsoleFoWo\ConsoleFoWo.csproj", "{C059DE3D-A67F-4569-8D86-6DD96B8F03D6}"
EndProject
Global
	GlobalSection(SolutionConfigurationPlatforms) = preSolution
		Debug|Any CPU = Debug|Any CPU
		Release|Any CPU = Release|Any CPU
	EndGlobalSection
	GlobalSection(ProjectConfigurationPlatforms) = postSolution
		{28D9F7BA-2923-4364-9BEA-9E1CCD70DD22}.Debug|Any CPU.ActiveCfg = Debug|Any CPU
		{28D9F7BA-2923-4364-9BEA-9E1CCD70DD22}.Debug|Any CPU.Build.0 = Debug|Any CPU
		{28D9F7BA-2923-4364-9BEA-9E1CCD70DD22}.Release|Any CPU.ActiveCfg = Release|Any CPU
		{28D9F7BA-2923-4364-9BEA-9E1CCD70DD22}.Release|Any CPU.Build.0 = Release|Any CPU
		{B6034628-4321-44A0-9A9D-D40844C25FDE}.Debug|Any CPU.ActiveCfg = Debug|Any CPU
		{B6034628-4321-44A0-9A9D-D40844C25FDE}.Debug|Any CPU.Build.0 = Debug|Any CPU
		{B6034628-4321-44A0-9A9D-D40844C25FDE}.Release|Any CPU.ActiveCfg = Release|Any CPU
		{B6034628-4321-44A0-9A9D-D40844C25FDE}.Release|Any CPU.Build.0 = Release|Any CPU
		{9D26489E-9452-489C-92AD-986C6794B479}.Debug|Any CPU.ActiveCfg = Debug|Any CPU
		{9D26489E-9452-489C-92AD-986C6794B479}.Debug|Any CPU.Build.0 = Debug|Any CPU
		{9D26489E-9452-489C-92AD-986C6794B479}.Release|Any CPU.ActiveCfg = Release|Any CPU
		{9D26489E-9452-489C-92AD-986C6794B479}.Release|Any CPU.Build.0 = Release|Any CPU
		{972136CC-2945-44C6-9B77-F5A46E96ED91}.Debug|Any CPU.ActiveCfg = Debug|Any CPU
		{972136CC-2945-44C6-9B77-F5A46E96ED91}.Debug|Any CPU.Build.0 = Debug|Any CPU
		{972136CC-2945-44C6-9B77-F5A46E96ED91}.Release|Any CPU.ActiveCfg = Release|Any CPU
		{972136CC-2945-44C6-9B77-F5A46E96ED91}.Release|Any CPU.Build.0 = Release|Any CPU
		{C89FE72B-E16E-417F-AFB7-385D35072EC5}.Debug|Any CPU.ActiveCfg = Debug|Any CPU
		{C89FE72B-E16E-417F-AFB7-385D35072EC5}.Debug|Any CPU.Build.0 = Debug|Any CPU
		{C89FE72B-E16E-417F-AFB7-385D35072EC5}.Release|Any CPU.ActiveCfg = Release|Any CPU
		{C89FE72B-E16E-417F-AFB7-385D35072EC5}.Release|Any CPU.Build.0 = Release|Any CPU
		{D9D1AFC6-47D3-41C6-BC29-1E91B8D1D779}.Debug|Any CPU.ActiveCfg = Debug|Any CPU
		{D9D1AFC6-47D3-41C6-BC29-1E91B8D1D779}.Debug|Any CPU.Build.0 = Debug|Any CPU
		{D9D1AFC6-47D3-41C6-BC29-1E91B8D1D779}.Release|Any CPU.ActiveCfg = Release|Any CPU
		{D9D1AFC6-47D3-41C6-BC29-1E91B8D1D779}.Release|Any CPU.Build.0 = Release|Any CPU
		{335D369A-0FF4-4A01-BDA3-31F14D7763F7}.Debug|Any CPU.ActiveCfg = Debug|Any CPU
		{335D369A-0FF4-4A01-BDA3-31F14D7763F7}.Debug|Any CPU.Build.0 = Debug|Any CPU
		{335D369A-0FF4-4A01-BDA3-31F14D7763F7}.Release|Any CPU.ActiveCfg = Release|Any CPU
		{335D369A-0FF4-4A01-BDA3-31F14D7763F7}.Release|Any CPU.Build.0 = Release|Any CPU
		{F57F8BDE-0702-4642-B7AE-60DAD5CC9EB8}.Debug|Any CPU.ActiveCfg = Debug|Any CPU
		{F57F8BDE-0702-4642-B7AE-60DAD5CC9EB8}.Debug|Any CPU.Build.0 = Debug|Any CPU
		{F57F8BDE-0702-4642-B7AE-60DAD5CC9EB8}.Release|Any CPU.ActiveCfg = Release|Any CPU
		{F57F8BDE-0702-4642-B7AE-60DAD5CC9EB8}.Release|Any CPU.Build.0 = Release|Any CPU
		{F9DF5064-FDAF-4CC7-99BB-C7520B2849F7}.Debug|Any CPU.ActiveCfg = Debug|Any CPU
		{F9DF5064-FDAF-4CC7-99BB-C7520B2849F7}.Debug|Any CPU.Build.0 = Debug|Any CPU
		{F9DF5064-FDAF-4CC7-99BB-C7520B2849F7}.Release|Any CPU.ActiveCfg = Release|Any CPU
		{F9DF5064-FDAF-4CC7-99BB-C7520B2849F7}.Release|Any CPU.Build.0 = Release|Any CPU
		{84169909-4A5F-4B1D-A00A-E9BC837C8D79}.Debug|Any CPU.ActiveCfg = Debug|Any CPU
		{84169909-4A5F-4B1D-A00A-E9BC837C8D79}.Debug|Any CPU.Build.0 = Debug|Any CPU
		{84169909-4A5F-4B1D-A00A-E9BC837C8D79}.Release|Any CPU.ActiveCfg = Release|Any CPU
		{84169909-4A5F-4B1D-A00A-E9BC837C8D79}.Release|Any CPU.Build.0 = Release|Any CPU
		{4853EEE1-204A-4501-A2A6-7D14CA7DCD0E}.Debug|Any CPU.ActiveCfg = Debug|Any CPU
		{4853EEE1-204A-4501-A2A6-7D14CA7DCD0E}.Debug|Any CPU.Build.0 = Debug|Any CPU
		{4853EEE1-204A-4501-A2A6-7D14CA7DCD0E}.Release|Any CPU.ActiveCfg = Release|Any CPU
		{4853EEE1-204A-4501-A2A6-7D14CA7DCD0E}.Release|Any CPU.Build.0 = Release|Any CPU
		{C3F609A8-6A7B-4BFF-9E21-02B785AD4F20}.Debug|Any CPU.ActiveCfg = Debug|Any CPU
		{C3F609A8-6A7B-4BFF-9E21-02B785AD4F20}.Debug|Any CPU.Build.0 = Debug|Any CPU
		{C3F609A8-6A7B-4BFF-9E21-02B785AD4F20}.Release|Any CPU.ActiveCfg = Release|Any CPU
		{C3F609A8-6A7B-4BFF-9E21-02B785AD4F20}.Release|Any CPU.Build.0 = Release|Any CPU
		{CE3B0ADB-736E-4A7B-BEDE-801C9104F95E}.Debug|Any CPU.ActiveCfg = Debug|Any CPU
		{CE3B0ADB-736E-4A7B-BEDE-801C9104F95E}.Debug|Any CPU.Build.0 = Debug|Any CPU
		{CE3B0ADB-736E-4A7B-BEDE-801C9104F95E}.Release|Any CPU.ActiveCfg = Release|Any CPU
		{CE3B0ADB-736E-4A7B-BEDE-801C9104F95E}.Release|Any CPU.Build.0 = Release|Any CPU
		{C059DE3D-A67F-4569-8D86-6DD96B8F03D6}.Debug|Any CPU.ActiveCfg = Debug|Any CPU
		{C059DE3D-A67F-4569-8D86-6DD96B8F03D6}.Debug|Any CPU.Build.0 = Debug|Any CPU
		{C059DE3D-A67F-4569-8D86-6DD96B8F03D6}.Release|Any CPU.ActiveCfg = Release|Any CPU
		{C059DE3D-A67F-4569-8D86-6DD96B8F03D6}.Release|Any CPU.Build.0 = Release|Any CPU
	EndGlobalSection
	GlobalSection(SolutionProperties) = preSolution
		HideSolutionNode = FALSE
	EndGlobalSection
	GlobalSection(NestedProjects) = preSolution
		{28D9F7BA-2923-4364-9BEA-9E1CCD70DD22} = {BE001BA4-6BD4-4B23-AED6-DDDA2A1B3B55}
		{B6034628-4321-44A0-9A9D-D40844C25FDE} = {AE6C0E7E-9F25-4B9B-B11C-D4A0F92DFB23}
		{972136CC-2945-44C6-9B77-F5A46E96ED91} = {D5B97FF8-FD3D-4CFB-A174-22FD9C9A7865}
		{C89FE72B-E16E-417F-AFB7-385D35072EC5} = {D5B97FF8-FD3D-4CFB-A174-22FD9C9A7865}
		{A8B27F94-DF12-42C4-8D1D-207E995AE35D} = {BE001BA4-6BD4-4B23-AED6-DDDA2A1B3B55}
		{D9D1AFC6-47D3-41C6-BC29-1E91B8D1D779} = {D5B97FF8-FD3D-4CFB-A174-22FD9C9A7865}
		{335D369A-0FF4-4A01-BDA3-31F14D7763F7} = {2DD6FA0F-B635-469A-94A1-09A0D38A9FFB}
		{F57F8BDE-0702-4642-B7AE-60DAD5CC9EB8} = {2DD6FA0F-B635-469A-94A1-09A0D38A9FFB}
		{F9DF5064-FDAF-4CC7-99BB-C7520B2849F7} = {2DD6FA0F-B635-469A-94A1-09A0D38A9FFB}
		{84169909-4A5F-4B1D-A00A-E9BC837C8D79} = {2DD6FA0F-B635-469A-94A1-09A0D38A9FFB}
		{C3F609A8-6A7B-4BFF-9E21-02B785AD4F20} = {D5B97FF8-FD3D-4CFB-A174-22FD9C9A7865}
		{CE3B0ADB-736E-4A7B-BEDE-801C9104F95E} = {BE001BA4-6BD4-4B23-AED6-DDDA2A1B3B55}
	EndGlobalSection
EndGlobal
